
Microsoft Visual Studio Solution File, Format Version 12.00
# Visual Studio 14
VisualStudioVersion = 14.0.24720.0
MinimumVisualStudioVersion = 10.0.40219.1
Project("{FAE04EC0-301F-11D3-BF4B-00C04F79EFBC}") = "StickUt.MobileApp.Droid", "StickUt.MobileApp\StickUt.MobileApp.Droid\StickUt.MobileApp.Droid.csproj", "{5CA84DC9-D950-4489-9224-5709EDF4C433}"
EndProject
Project("{FAE04EC0-301F-11D3-BF4B-00C04F79EFBC}") = "StickUt.MobileApp.iOS", "StickUt.MobileApp\StickUt.MobileApp.iOS\StickUt.MobileApp.iOS.csproj", "{E9A520EE-51D3-46FB-87B0-D285387344B4}"
EndProject
Project("{FAE04EC0-301F-11D3-BF4B-00C04F79EFBC}") = "StickUt.MobileApp", "StickUt.MobileApp\StickUt.MobileApp\StickUt.MobileApp.csproj", "{28FA071E-4F71-4455-8224-60D3FD4AD34F}"
EndProject
Project("{FAE04EC0-301F-11D3-BF4B-00C04F79EFBC}") = "StickUt.Interface", "StickUt.Interface\StickUt.Interface.csproj", "{8A05594A-DCE6-469E-8E3B-7FA2CD7B128F}"
EndProject
Project("{FAE04EC0-301F-11D3-BF4B-00C04F79EFBC}") = "StickUt.Model", "StickUt.Model\StickUt.Model.csproj", "{7A81BE2D-215A-41A8-AF06-128B6B1391A3}"
EndProject
Project("{FAE04EC0-301F-11D3-BF4B-00C04F79EFBC}") = "StickUt.Web", "StickUt.Web\StickUt.Web.csproj", "{7C167097-3763-48B5-9695-457114FFA067}"
EndProject
Project("{2150E333-8FDC-42A3-9474-1A3956D46DE8}") = "PublishScripts", "PublishScripts", "{748274BB-57D8-4DED-A3AC-3F7AA671B810}"
EndProject
Project("{2150E333-8FDC-42A3-9474-1A3956D46DE8}") = "Scripts", "Scripts", "{2853CBDC-1DC1-4FA8-ACEB-D96D59638928}"
	ProjectSection(SolutionItems) = preProject
		PublishScripts\Scripts\Deploy-AzureResourceGroup.ps1 = PublishScripts\Scripts\Deploy-AzureResourceGroup.ps1
	EndProjectSection
EndProject
Project("{2150E333-8FDC-42A3-9474-1A3956D46DE8}") = "Templates", "Templates", "{AA6FB0A4-DAE2-4DD1-A9F7-F0019644BCA7}"
	ProjectSection(SolutionItems) = preProject
		PublishScripts\Templates\StickUtWeb.json = PublishScripts\Templates\StickUtWeb.json
		PublishScripts\Templates\StickUtWeb.param.dev.json = PublishScripts\Templates\StickUtWeb.param.dev.json
	EndProjectSection
EndProject
Global
	GlobalSection(SolutionConfigurationPlatforms) = preSolution
		Ad-Hoc|Any CPU = Ad-Hoc|Any CPU
		Ad-Hoc|iPhone = Ad-Hoc|iPhone
		Ad-Hoc|iPhoneSimulator = Ad-Hoc|iPhoneSimulator
		AppStore|Any CPU = AppStore|Any CPU
		AppStore|iPhone = AppStore|iPhone
		AppStore|iPhoneSimulator = AppStore|iPhoneSimulator
		Debug|Any CPU = Debug|Any CPU
		Debug|iPhone = Debug|iPhone
		Debug|iPhoneSimulator = Debug|iPhoneSimulator
		Release|Any CPU = Release|Any CPU
		Release|iPhone = Release|iPhone
		Release|iPhoneSimulator = Release|iPhoneSimulator
	EndGlobalSection
	GlobalSection(ProjectConfigurationPlatforms) = postSolution
		{5CA84DC9-D950-4489-9224-5709EDF4C433}.Ad-Hoc|Any CPU.ActiveCfg = Release|Any CPU
		{5CA84DC9-D950-4489-9224-5709EDF4C433}.Ad-Hoc|Any CPU.Build.0 = Release|Any CPU
		{5CA84DC9-D950-4489-9224-5709EDF4C433}.Ad-Hoc|Any CPU.Deploy.0 = Release|Any CPU
		{5CA84DC9-D950-4489-9224-5709EDF4C433}.Ad-Hoc|iPhone.ActiveCfg = Release|Any CPU
		{5CA84DC9-D950-4489-9224-5709EDF4C433}.Ad-Hoc|iPhone.Build.0 = Release|Any CPU
		{5CA84DC9-D950-4489-9224-5709EDF4C433}.Ad-Hoc|iPhone.Deploy.0 = Release|Any CPU
		{5CA84DC9-D950-4489-9224-5709EDF4C433}.Ad-Hoc|iPhoneSimulator.ActiveCfg = Release|Any CPU
		{5CA84DC9-D950-4489-9224-5709EDF4C433}.Ad-Hoc|iPhoneSimulator.Build.0 = Release|Any CPU
		{5CA84DC9-D950-4489-9224-5709EDF4C433}.Ad-Hoc|iPhoneSimulator.Deploy.0 = Release|Any CPU
		{5CA84DC9-D950-4489-9224-5709EDF4C433}.AppStore|Any CPU.ActiveCfg = Release|Any CPU
		{5CA84DC9-D950-4489-9224-5709EDF4C433}.AppStore|Any CPU.Build.0 = Release|Any CPU
		{5CA84DC9-D950-4489-9224-5709EDF4C433}.AppStore|Any CPU.Deploy.0 = Release|Any CPU
		{5CA84DC9-D950-4489-9224-5709EDF4C433}.AppStore|iPhone.ActiveCfg = Release|Any CPU
		{5CA84DC9-D950-4489-9224-5709EDF4C433}.AppStore|iPhone.Build.0 = Release|Any CPU
		{5CA84DC9-D950-4489-9224-5709EDF4C433}.AppStore|iPhone.Deploy.0 = Release|Any CPU
		{5CA84DC9-D950-4489-9224-5709EDF4C433}.AppStore|iPhoneSimulator.ActiveCfg = Release|Any CPU
		{5CA84DC9-D950-4489-9224-5709EDF4C433}.AppStore|iPhoneSimulator.Build.0 = Release|Any CPU
		{5CA84DC9-D950-4489-9224-5709EDF4C433}.AppStore|iPhoneSimulator.Deploy.0 = Release|Any CPU
		{5CA84DC9-D950-4489-9224-5709EDF4C433}.Debug|Any CPU.ActiveCfg = Debug|Any CPU
		{5CA84DC9-D950-4489-9224-5709EDF4C433}.Debug|Any CPU.Build.0 = Debug|Any CPU
		{5CA84DC9-D950-4489-9224-5709EDF4C433}.Debug|Any CPU.Deploy.0 = Debug|Any CPU
		{5CA84DC9-D950-4489-9224-5709EDF4C433}.Debug|iPhone.ActiveCfg = Debug|Any CPU
		{5CA84DC9-D950-4489-9224-5709EDF4C433}.Debug|iPhone.Build.0 = Debug|Any CPU
		{5CA84DC9-D950-4489-9224-5709EDF4C433}.Debug|iPhone.Deploy.0 = Debug|Any CPU
		{5CA84DC9-D950-4489-9224-5709EDF4C433}.Debug|iPhoneSimulator.ActiveCfg = Debug|Any CPU
		{5CA84DC9-D950-4489-9224-5709EDF4C433}.Debug|iPhoneSimulator.Build.0 = Debug|Any CPU
		{5CA84DC9-D950-4489-9224-5709EDF4C433}.Debug|iPhoneSimulator.Deploy.0 = Debug|Any CPU
		{5CA84DC9-D950-4489-9224-5709EDF4C433}.Release|Any CPU.ActiveCfg = Release|Any CPU
		{5CA84DC9-D950-4489-9224-5709EDF4C433}.Release|Any CPU.Build.0 = Release|Any CPU
		{5CA84DC9-D950-4489-9224-5709EDF4C433}.Release|Any CPU.Deploy.0 = Release|Any CPU
		{5CA84DC9-D950-4489-9224-5709EDF4C433}.Release|iPhone.ActiveCfg = Release|Any CPU
		{5CA84DC9-D950-4489-9224-5709EDF4C433}.Release|iPhone.Build.0 = Release|Any CPU
		{5CA84DC9-D950-4489-9224-5709EDF4C433}.Release|iPhone.Deploy.0 = Release|Any CPU
		{5CA84DC9-D950-4489-9224-5709EDF4C433}.Release|iPhoneSimulator.ActiveCfg = Release|Any CPU
		{5CA84DC9-D950-4489-9224-5709EDF4C433}.Release|iPhoneSimulator.Build.0 = Release|Any CPU
		{5CA84DC9-D950-4489-9224-5709EDF4C433}.Release|iPhoneSimulator.Deploy.0 = Release|Any CPU
		{E9A520EE-51D3-46FB-87B0-D285387344B4}.Ad-Hoc|Any CPU.ActiveCfg = Ad-Hoc|iPhone
		{E9A520EE-51D3-46FB-87B0-D285387344B4}.Ad-Hoc|iPhone.ActiveCfg = Ad-Hoc|iPhone
		{E9A520EE-51D3-46FB-87B0-D285387344B4}.Ad-Hoc|iPhone.Build.0 = Ad-Hoc|iPhone
		{E9A520EE-51D3-46FB-87B0-D285387344B4}.Ad-Hoc|iPhoneSimulator.ActiveCfg = Ad-Hoc|iPhoneSimulator
		{E9A520EE-51D3-46FB-87B0-D285387344B4}.Ad-Hoc|iPhoneSimulator.Build.0 = Ad-Hoc|iPhoneSimulator
		{E9A520EE-51D3-46FB-87B0-D285387344B4}.AppStore|Any CPU.ActiveCfg = AppStore|iPhone
		{E9A520EE-51D3-46FB-87B0-D285387344B4}.AppStore|iPhone.ActiveCfg = AppStore|iPhone
		{E9A520EE-51D3-46FB-87B0-D285387344B4}.AppStore|iPhone.Build.0 = AppStore|iPhone
		{E9A520EE-51D3-46FB-87B0-D285387344B4}.AppStore|iPhoneSimulator.ActiveCfg = AppStore|iPhoneSimulator
		{E9A520EE-51D3-46FB-87B0-D285387344B4}.AppStore|iPhoneSimulator.Build.0 = AppStore|iPhoneSimulator
		{E9A520EE-51D3-46FB-87B0-D285387344B4}.Debug|Any CPU.ActiveCfg = Debug|iPhone
		{E9A520EE-51D3-46FB-87B0-D285387344B4}.Debug|iPhone.ActiveCfg = Debug|iPhone
		{E9A520EE-51D3-46FB-87B0-D285387344B4}.Debug|iPhone.Build.0 = Debug|iPhone
		{E9A520EE-51D3-46FB-87B0-D285387344B4}.Debug|iPhoneSimulator.ActiveCfg = Debug|iPhoneSimulator
		{E9A520EE-51D3-46FB-87B0-D285387344B4}.Debug|iPhoneSimulator.Build.0 = Debug|iPhoneSimulator
		{E9A520EE-51D3-46FB-87B0-D285387344B4}.Release|Any CPU.ActiveCfg = Release|iPhone
		{E9A520EE-51D3-46FB-87B0-D285387344B4}.Release|iPhone.ActiveCfg = Release|iPhone
		{E9A520EE-51D3-46FB-87B0-D285387344B4}.Release|iPhone.Build.0 = Release|iPhone
		{E9A520EE-51D3-46FB-87B0-D285387344B4}.Release|iPhoneSimulator.ActiveCfg = Release|iPhoneSimulator
		{E9A520EE-51D3-46FB-87B0-D285387344B4}.Release|iPhoneSimulator.Build.0 = Release|iPhoneSimulator
		{28FA071E-4F71-4455-8224-60D3FD4AD34F}.Ad-Hoc|Any CPU.ActiveCfg = Release|Any CPU
		{28FA071E-4F71-4455-8224-60D3FD4AD34F}.Ad-Hoc|Any CPU.Build.0 = Release|Any CPU
		{28FA071E-4F71-4455-8224-60D3FD4AD34F}.Ad-Hoc|iPhone.ActiveCfg = Release|Any CPU
		{28FA071E-4F71-4455-8224-60D3FD4AD34F}.Ad-Hoc|iPhone.Build.0 = Release|Any CPU
		{28FA071E-4F71-4455-8224-60D3FD4AD34F}.Ad-Hoc|iPhoneSimulator.ActiveCfg = Release|Any CPU
		{28FA071E-4F71-4455-8224-60D3FD4AD34F}.Ad-Hoc|iPhoneSimulator.Build.0 = Release|Any CPU
		{28FA071E-4F71-4455-8224-60D3FD4AD34F}.AppStore|Any CPU.ActiveCfg = Release|Any CPU
		{28FA071E-4F71-4455-8224-60D3FD4AD34F}.AppStore|Any CPU.Build.0 = Release|Any CPU
		{28FA071E-4F71-4455-8224-60D3FD4AD34F}.AppStore|iPhone.ActiveCfg = Release|Any CPU
		{28FA071E-4F71-4455-8224-60D3FD4AD34F}.AppStore|iPhone.Build.0 = Release|Any CPU
		{28FA071E-4F71-4455-8224-60D3FD4AD34F}.AppStore|iPhoneSimulator.ActiveCfg = Release|Any CPU
		{28FA071E-4F71-4455-8224-60D3FD4AD34F}.AppStore|iPhoneSimulator.Build.0 = Release|Any CPU
		{28FA071E-4F71-4455-8224-60D3FD4AD34F}.Debug|Any CPU.ActiveCfg = Debug|Any CPU
		{28FA071E-4F71-4455-8224-60D3FD4AD34F}.Debug|Any CPU.Build.0 = Debug|Any CPU
		{28FA071E-4F71-4455-8224-60D3FD4AD34F}.Debug|iPhone.ActiveCfg = Debug|Any CPU
		{28FA071E-4F71-4455-8224-60D3FD4AD34F}.Debug|iPhone.Build.0 = Debug|Any CPU
		{28FA071E-4F71-4455-8224-60D3FD4AD34F}.Debug|iPhoneSimulator.ActiveCfg = Debug|Any CPU
		{28FA071E-4F71-4455-8224-60D3FD4AD34F}.Debug|iPhoneSimulator.Build.0 = Debug|Any CPU
		{28FA071E-4F71-4455-8224-60D3FD4AD34F}.Release|Any CPU.ActiveCfg = Release|Any CPU
		{28FA071E-4F71-4455-8224-60D3FD4AD34F}.Release|Any CPU.Build.0 = Release|Any CPU
		{28FA071E-4F71-4455-8224-60D3FD4AD34F}.Release|iPhone.ActiveCfg = Release|Any CPU
		{28FA071E-4F71-4455-8224-60D3FD4AD34F}.Release|iPhone.Build.0 = Release|Any CPU
		{28FA071E-4F71-4455-8224-60D3FD4AD34F}.Release|iPhoneSimulator.ActiveCfg = Release|Any CPU
		{28FA071E-4F71-4455-8224-60D3FD4AD34F}.Release|iPhoneSimulator.Build.0 = Release|Any CPU
		{8A05594A-DCE6-469E-8E3B-7FA2CD7B128F}.Ad-Hoc|Any CPU.ActiveCfg = Release|Any CPU
		{8A05594A-DCE6-469E-8E3B-7FA2CD7B128F}.Ad-Hoc|Any CPU.Build.0 = Release|Any CPU
		{8A05594A-DCE6-469E-8E3B-7FA2CD7B128F}.Ad-Hoc|iPhone.ActiveCfg = Release|Any CPU
		{8A05594A-DCE6-469E-8E3B-7FA2CD7B128F}.Ad-Hoc|iPhone.Build.0 = Release|Any CPU
		{8A05594A-DCE6-469E-8E3B-7FA2CD7B128F}.Ad-Hoc|iPhoneSimulator.ActiveCfg = Release|Any CPU
		{8A05594A-DCE6-469E-8E3B-7FA2CD7B128F}.Ad-Hoc|iPhoneSimulator.Build.0 = Release|Any CPU
		{8A05594A-DCE6-469E-8E3B-7FA2CD7B128F}.AppStore|Any CPU.ActiveCfg = Release|Any CPU
		{8A05594A-DCE6-469E-8E3B-7FA2CD7B128F}.AppStore|Any CPU.Build.0 = Release|Any CPU
		{8A05594A-DCE6-469E-8E3B-7FA2CD7B128F}.AppStore|iPhone.ActiveCfg = Release|Any CPU
		{8A05594A-DCE6-469E-8E3B-7FA2CD7B128F}.AppStore|iPhone.Build.0 = Release|Any CPU
		{8A05594A-DCE6-469E-8E3B-7FA2CD7B128F}.AppStore|iPhoneSimulator.ActiveCfg = Release|Any CPU
		{8A05594A-DCE6-469E-8E3B-7FA2CD7B128F}.AppStore|iPhoneSimulator.Build.0 = Release|Any CPU
		{8A05594A-DCE6-469E-8E3B-7FA2CD7B128F}.Debug|Any CPU.ActiveCfg = Debug|Any CPU
		{8A05594A-DCE6-469E-8E3B-7FA2CD7B128F}.Debug|Any CPU.Build.0 = Debug|Any CPU
		{8A05594A-DCE6-469E-8E3B-7FA2CD7B128F}.Debug|iPhone.ActiveCfg = Debug|Any CPU
		{8A05594A-DCE6-469E-8E3B-7FA2CD7B128F}.Debug|iPhone.Build.0 = Debug|Any CPU
		{8A05594A-DCE6-469E-8E3B-7FA2CD7B128F}.Debug|iPhoneSimulator.ActiveCfg = Debug|Any CPU
		{8A05594A-DCE6-469E-8E3B-7FA2CD7B128F}.Debug|iPhoneSimulator.Build.0 = Debug|Any CPU
		{8A05594A-DCE6-469E-8E3B-7FA2CD7B128F}.Release|Any CPU.ActiveCfg = Release|Any CPU
		{8A05594A-DCE6-469E-8E3B-7FA2CD7B128F}.Release|Any CPU.Build.0 = Release|Any CPU
		{8A05594A-DCE6-469E-8E3B-7FA2CD7B128F}.Release|iPhone.ActiveCfg = Release|Any CPU
		{8A05594A-DCE6-469E-8E3B-7FA2CD7B128F}.Release|iPhone.Build.0 = Release|Any CPU
		{8A05594A-DCE6-469E-8E3B-7FA2CD7B128F}.Release|iPhoneSimulator.ActiveCfg = Release|Any CPU
		{8A05594A-DCE6-469E-8E3B-7FA2CD7B128F}.Release|iPhoneSimulator.Build.0 = Release|Any CPU
		{7A81BE2D-215A-41A8-AF06-128B6B1391A3}.Ad-Hoc|Any CPU.ActiveCfg = Release|Any CPU
		{7A81BE2D-215A-41A8-AF06-128B6B1391A3}.Ad-Hoc|Any CPU.Build.0 = Release|Any CPU
		{7A81BE2D-215A-41A8-AF06-128B6B1391A3}.Ad-Hoc|iPhone.ActiveCfg = Release|Any CPU
		{7A81BE2D-215A-41A8-AF06-128B6B1391A3}.Ad-Hoc|iPhone.Build.0 = Release|Any CPU
		{7A81BE2D-215A-41A8-AF06-128B6B1391A3}.Ad-Hoc|iPhoneSimulator.ActiveCfg = Release|Any CPU
		{7A81BE2D-215A-41A8-AF06-128B6B1391A3}.Ad-Hoc|iPhoneSimulator.Build.0 = Release|Any CPU
		{7A81BE2D-215A-41A8-AF06-128B6B1391A3}.AppStore|Any CPU.ActiveCfg = Release|Any CPU
		{7A81BE2D-215A-41A8-AF06-128B6B1391A3}.AppStore|Any CPU.Build.0 = Release|Any CPU
		{7A81BE2D-215A-41A8-AF06-128B6B1391A3}.AppStore|iPhone.ActiveCfg = Release|Any CPU
		{7A81BE2D-215A-41A8-AF06-128B6B1391A3}.AppStore|iPhone.Build.0 = Release|Any CPU
		{7A81BE2D-215A-41A8-AF06-128B6B1391A3}.AppStore|iPhoneSimulator.ActiveCfg = Release|Any CPU
		{7A81BE2D-215A-41A8-AF06-128B6B1391A3}.AppStore|iPhoneSimulator.Build.0 = Release|Any CPU
		{7A81BE2D-215A-41A8-AF06-128B6B1391A3}.Debug|Any CPU.ActiveCfg = Debug|Any CPU
		{7A81BE2D-215A-41A8-AF06-128B6B1391A3}.Debug|Any CPU.Build.0 = Debug|Any CPU
		{7A81BE2D-215A-41A8-AF06-128B6B1391A3}.Debug|iPhone.ActiveCfg = Debug|Any CPU
		{7A81BE2D-215A-41A8-AF06-128B6B1391A3}.Debug|iPhone.Build.0 = Debug|Any CPU
		{7A81BE2D-215A-41A8-AF06-128B6B1391A3}.Debug|iPhoneSimulator.ActiveCfg = Debug|Any CPU
		{7A81BE2D-215A-41A8-AF06-128B6B1391A3}.Debug|iPhoneSimulator.Build.0 = Debug|Any CPU
		{7A81BE2D-215A-41A8-AF06-128B6B1391A3}.Release|Any CPU.ActiveCfg = Release|Any CPU
		{7A81BE2D-215A-41A8-AF06-128B6B1391A3}.Release|Any CPU.Build.0 = Release|Any CPU
		{7A81BE2D-215A-41A8-AF06-128B6B1391A3}.Release|iPhone.ActiveCfg = Release|Any CPU
		{7A81BE2D-215A-41A8-AF06-128B6B1391A3}.Release|iPhone.Build.0 = Release|Any CPU
		{7A81BE2D-215A-41A8-AF06-128B6B1391A3}.Release|iPhoneSimulator.ActiveCfg = Release|Any CPU
		{7A81BE2D-215A-41A8-AF06-128B6B1391A3}.Release|iPhoneSimulator.Build.0 = Release|Any CPU
		{7C167097-3763-48B5-9695-457114FFA067}.Ad-Hoc|Any CPU.ActiveCfg = Release|Any CPU
		{7C167097-3763-48B5-9695-457114FFA067}.Ad-Hoc|Any CPU.Build.0 = Release|Any CPU
		{7C167097-3763-48B5-9695-457114FFA067}.Ad-Hoc|iPhone.ActiveCfg = Release|Any CPU
		{7C167097-3763-48B5-9695-457114FFA067}.Ad-Hoc|iPhone.Build.0 = Release|Any CPU
		{7C167097-3763-48B5-9695-457114FFA067}.Ad-Hoc|iPhoneSimulator.ActiveCfg = Release|Any CPU
		{7C167097-3763-48B5-9695-457114FFA067}.Ad-Hoc|iPhoneSimulator.Build.0 = Release|Any CPU
		{7C167097-3763-48B5-9695-457114FFA067}.AppStore|Any CPU.ActiveCfg = Release|Any CPU
		{7C167097-3763-48B5-9695-457114FFA067}.AppStore|Any CPU.Build.0 = Release|Any CPU
		{7C167097-3763-48B5-9695-457114FFA067}.AppStore|iPhone.ActiveCfg = Release|Any CPU
		{7C167097-3763-48B5-9695-457114FFA067}.AppStore|iPhone.Build.0 = Release|Any CPU
		{7C167097-3763-48B5-9695-457114FFA067}.AppStore|iPhoneSimulator.ActiveCfg = Release|Any CPU
		{7C167097-3763-48B5-9695-457114FFA067}.AppStore|iPhoneSimulator.Build.0 = Release|Any CPU
		{7C167097-3763-48B5-9695-457114FFA067}.Debug|Any CPU.ActiveCfg = Debug|Any CPU
		{7C167097-3763-48B5-9695-457114FFA067}.Debug|Any CPU.Build.0 = Debug|Any CPU
		{7C167097-3763-48B5-9695-457114FFA067}.Debug|iPhone.ActiveCfg = Debug|Any CPU
		{7C167097-3763-48B5-9695-457114FFA067}.Debug|iPhone.Build.0 = Debug|Any CPU
		{7C167097-3763-48B5-9695-457114FFA067}.Debug|iPhoneSimulator.ActiveCfg = Debug|Any CPU
		{7C167097-3763-48B5-9695-457114FFA067}.Debug|iPhoneSimulator.Build.0 = Debug|Any CPU
		{7C167097-3763-48B5-9695-457114FFA067}.Release|Any CPU.ActiveCfg = Release|Any CPU
		{7C167097-3763-48B5-9695-457114FFA067}.Release|Any CPU.Build.0 = Release|Any CPU
		{7C167097-3763-48B5-9695-457114FFA067}.Release|iPhone.ActiveCfg = Release|Any CPU
		{7C167097-3763-48B5-9695-457114FFA067}.Release|iPhone.Build.0 = Release|Any CPU
		{7C167097-3763-48B5-9695-457114FFA067}.Release|iPhoneSimulator.ActiveCfg = Release|Any CPU
		{7C167097-3763-48B5-9695-457114FFA067}.Release|iPhoneSimulator.Build.0 = Release|Any CPU
	EndGlobalSection
	GlobalSection(SolutionProperties) = preSolution
		HideSolutionNode = FALSE
	EndGlobalSection
	GlobalSection(NestedProjects) = preSolution
		{2853CBDC-1DC1-4FA8-ACEB-D96D59638928} = {748274BB-57D8-4DED-A3AC-3F7AA671B810}
		{AA6FB0A4-DAE2-4DD1-A9F7-F0019644BCA7} = {748274BB-57D8-4DED-A3AC-3F7AA671B810}
	EndGlobalSection
EndGlobal
